{
  "nodes": {
    "darwin": {
      "inputs": {
        "nixpkgs": [
          "nixpkgs-stable"
        ]
      },
      "locked": {
        "lastModified": 1735470496,
        "narHash": "sha256-Kx2ungOLiOXw+A/GDeeWGF91pu4Pxtf51A9VTJQKG1U=",
        "owner": "LnL7",
        "repo": "nix-darwin",
        "rev": "713da7b75b9ed86b1aeef25981dc73f99ea0477f",
        "type": "github"
      },
      "original": {
        "owner": "LnL7",
        "repo": "nix-darwin",
        "type": "github"
      }
    },
    "nixpkgs-pinned-unstable": {
      "locked": {
        "lastModified": 1735470105,
        "narHash": "sha256-lnbbxi3qHwO7kJQUnty8VV9JZDT0MIJ+p6JAP5sHlak=",
        "owner": "NixOS",
        "repo": "nixpkgs",
        "rev": "388129ef194a9898401d9e9f9453d0945b1a0d85",
        "type": "github"
      },
      "original": {
        "owner": "NixOS",
        "repo": "nixpkgs",
        "rev": "388129ef194a9898401d9e9f9453d0945b1a0d85",
        "type": "github"
      }
    },
    "nixpkgs-stable": {
      "locked": {
        "lastModified": 1735303085,
        "narHash": "sha256-9n7Kl2F8cQa0ZMgajtBWpg4BkwScAD+o6sKCylSxwLI=",
        "owner": "NixOS",
        "repo": "nixpkgs",
        "rev": "2db5eb179e057fb1aeb0cd423bfbfb1710852f53",
        "type": "github"
      },
      "original": {
        "owner": "NixOS",
        "ref": "nixpkgs-24.11-darwin",
        "repo": "nixpkgs",
        "type": "github"
      }
    },
    "root": {
      "inputs": {
        "darwin": "darwin",
        "nixpkgs-pinned-unstable": "nixpkgs-pinned-unstable",
        "nixpkgs-stable": "nixpkgs-stable"
      }
    }
  },
  "root": "root",
  "version": 7
}
