{
  "nodes": {
    "darwin": {
      "inputs": {
        "nixpkgs": [
          "nixpkgs-stable"
        ]
      },
      "locked": {
        "lastModified": 1751313918,
        "narHash": "sha256-HsJM3XLa43WpG+665aGEh8iS8AfEwOIQWk3Mke3e7nk=",
        "owner": "LnL7",
        "repo": "nix-darwin",
        "rev": "e04a388232d9a6ba56967ce5b53a8a6f713cdfcf",
        "type": "github"
      },
      "original": {
        "owner": "LnL7",
        "repo": "nix-darwin",
        "type": "github"
      }
    },
    "nixpkgs-pinned-unstable": {
      "locked": {
        "lastModified": 1735470105,
        "narHash": "sha256-lnbbxi3qHwO7kJQUnty8VV9JZDT0MIJ+p6JAP5sHlak=",
        "owner": "NixOS",
        "repo": "nixpkgs",
        "rev": "388129ef194a9898401d9e9f9453d0945b1a0d85",
        "type": "github"
      },
      "original": {
        "owner": "NixOS",
        "repo": "nixpkgs",
        "rev": "388129ef194a9898401d9e9f9453d0945b1a0d85",
        "type": "github"
      }
    },
    "nixpkgs-stable": {
      "locked": {
        "lastModified": 1754477006,
        "narHash": "sha256-suIgZZHXdb4ca9nN4MIcmdjeN+ZWsTwCtYAG4HExqAo=",
        "owner": "NixOS",
        "repo": "nixpkgs",
        "rev": "4896699973299bffae27d0d9828226983544d9e9",
        "type": "github"
      },
      "original": {
        "owner": "NixOS",
        "ref": "nixpkgs-25.05-darwin",
        "repo": "nixpkgs",
        "type": "github"
      }
    },
    "root": {
      "inputs": {
        "darwin": "darwin",
        "nixpkgs-pinned-unstable": "nixpkgs-pinned-unstable",
        "nixpkgs-stable": "nixpkgs-stable"
      }
    }
  },
  "root": "root",
  "version": 7
}
