version = 1
revision = 3
requires-python = ">=3.15"

[[package]]
name = "nixos-dotfiles"
version = "0.1.0"
source = { virtual = "." }

[package.dev-dependencies]
dev = [
    { name = "pyrefly" },
    { name = "ruff" },
    { name = "ty" },
]

[package.metadata]

[package.metadata.requires-dev]
dev = [
    { name = "pyrefly", specifier = ">=0.51.0" },
    { name = "ruff", specifier = ">=0.15.0" },
    { name = "ty", specifier = ">=0.0.14" },
]

[[package]]
name = "pyrefly"
version = "0.51.0"
source = { registry = "https://pypi.org/simple" }
sdist = { url = "https://files.pythonhosted.org/packages/e9/bd/b8065b801b4058954577afa3f78bc1dda5f119f7ea353570ba9029db5109/pyrefly-0.51.0.tar.gz", hash = "sha256:99467db60f148bb6965c45cdc3e769d94b704100e9d57b6455cc6796e5a9e7b1", size = 4918889, upload-time = "2026-02-02T15:32:58.45Z" }
wheels = [
    { url = "https://files.pythonhosted.org/packages/42/c1/0aa9b4cf5180f481e9f07a8fbfe9c3bc6044ec97612373fdd4f9f6aa49a4/pyrefly-0.51.0-py3-none-macosx_10_12_x86_64.whl", hash = "sha256:4013f914d3b523a9b1afc25a620a011406f7745ad5cfc5781ec95235bc9cd583", size = 11900057, upload-time = "2026-02-02T15:32:34.353Z" },
    { url = "https://files.pythonhosted.org/packages/8d/07/6a576ec997845bc8e7d89afebe12bc6386092446330194789d120f6a73f7/pyrefly-0.51.0-py3-none-macosx_11_0_arm64.whl", hash = "sha256:4a6eeffd5649d393bf457b7c1253f89b33295d475b1cae0f9a21377986708804", size = 11480421, upload-time = "2026-02-02T15:32:37.314Z" },
    { url = "https://files.pythonhosted.org/packages/c5/0e/1b4675289a29b72818c812d7456031a7cab98532826d207d39465f75712c/pyrefly-0.51.0-py3-none-manylinux_2_17_aarch64.manylinux2014_aarch64.whl", hash = "sha256:beace17854735136134848e5a0e8678b6862ee1144eaeb27f1bb70ff1f8fd9ca", size = 32511878, upload-time = "2026-02-02T15:32:40.136Z" },
    { url = "https://files.pythonhosted.org/packages/1b/4e/d564711718e4158339397123085da6afcad1c62222efa483cb7db5dab58b/pyrefly-0.51.0-py3-none-manylinux_2_17_i686.manylinux2014_i686.whl", hash = "sha256:40055df65c184d825081e7177b99d277c8a1cb29c6e41a54ff40828d355aa467", size = 34797013, upload-time = "2026-02-02T15:32:43.687Z" },
    { url = "https://files.pythonhosted.org/packages/b3/db/961162ec2bb74a0cd5d0ef988f71695581449b3c6fce76ede9a984cdc8d1/pyrefly-0.51.0-py3-none-manylinux_2_17_x86_64.manylinux2014_x86_64.whl", hash = "sha256:65689401e35b7d01a1394cdb1bafd46e2f49369b0f9891a333bce3568f100ce2", size = 35915591, upload-time = "2026-02-02T15:32:47.64Z" },
    { url = "https://files.pythonhosted.org/packages/78/cb/a4adec3f1fbe29b2da3b95c1dd1d0e618bfe5e55f7c2f6f11b02485eb6c5/pyrefly-0.51.0-py3-none-win32.whl", hash = "sha256:525e654aa50bc32bdfdd505dbc233b0cfab8ed2917a62b178c3156e2f80062c0", size = 10887003, upload-time = "2026-02-02T15:32:50.655Z" },
    { url = "https://files.pythonhosted.org/packages/40/42/270cfe9ec1bb9706813f1e978abec1428f13840486047136fe4f3479dd87/pyrefly-0.51.0-py3-none-win_amd64.whl", hash = "sha256:0aa2db0cbf9f1d8c77a98464d12bcae7bdcbdaad80098a0456abf51d6f2ee275", size = 11654264, upload-time = "2026-02-02T15:32:52.745Z" },
    { url = "https://files.pythonhosted.org/packages/2f/cc/84dd9579bb4f8af3cdb98a883ec89ba226e1675c79fe2ede3ba4b2f428c0/pyrefly-0.51.0-py3-none-win_arm64.whl", hash = "sha256:bc14eb4f273a5ec2be7318c70a8e5a50e2e9f7a42de3a7f73fb0cfdc7f6996d2", size = 11188662, upload-time = "2026-02-02T15:32:55.713Z" },
]

[[package]]
name = "ruff"
version = "0.15.0"
source = { registry = "https://pypi.org/simple" }
sdist = { url = "https://files.pythonhosted.org/packages/c8/39/5cee96809fbca590abea6b46c6d1c586b49663d1d2830a751cc8fc42c666/ruff-0.15.0.tar.gz", hash = "sha256:6bdea47cdbea30d40f8f8d7d69c0854ba7c15420ec75a26f463290949d7f7e9a", size = 4524893, upload-time = "2026-02-03T17:53:35.357Z" }
wheels = [
    { url = "https://files.pythonhosted.org/packages/bc/88/3fd1b0aa4b6330d6aaa63a285bc96c9f71970351579152d231ed90914586/ruff-0.15.0-py3-none-linux_armv6l.whl", hash = "sha256:aac4ebaa612a82b23d45964586f24ae9bc23ca101919f5590bdb368d74ad5455", size = 10354332, upload-time = "2026-02-03T17:52:54.892Z" },
    { url = "https://files.pythonhosted.org/packages/72/f6/62e173fbb7eb75cc29fe2576a1e20f0a46f671a2587b5f604bfb0eaf5f6f/ruff-0.15.0-py3-none-macosx_10_12_x86_64.whl", hash = "sha256:dcd4be7cc75cfbbca24a98d04d0b9b36a270d0833241f776b788d59f4142b14d", size = 10767189, upload-time = "2026-02-03T17:53:19.778Z" },
    { url = "https://files.pythonhosted.org/packages/99/e4/968ae17b676d1d2ff101d56dc69cf333e3a4c985e1ec23803df84fc7bf9e/ruff-0.15.0-py3-none-macosx_11_0_arm64.whl", hash = "sha256:d747e3319b2bce179c7c1eaad3d884dc0a199b5f4d5187620530adf9105268ce", size = 10075384, upload-time = "2026-02-03T17:53:29.241Z" },
    { url = "https://files.pythonhosted.org/packages/a2/bf/9843c6044ab9e20af879c751487e61333ca79a2c8c3058b15722386b8cae/ruff-0.15.0-py3-none-manylinux_2_17_aarch64.manylinux2014_aarch64.whl", hash = "sha256:650bd9c56ae03102c51a5e4b554d74d825ff3abe4db22b90fd32d816c2e90621", size = 10481363, upload-time = "2026-02-03T17:52:43.332Z" },
    { url = "https://files.pythonhosted.org/packages/55/d9/4ada5ccf4cd1f532db1c8d44b6f664f2208d3d93acbeec18f82315e15193/ruff-0.15.0-py3-none-manylinux_2_17_armv7l.manylinux2014_armv7l.whl", hash = "sha256:a6664b7eac559e3048223a2da77769c2f92b43a6dfd4720cef42654299a599c9", size = 10187736, upload-time = "2026-02-03T17:53:00.522Z" },
    { url = "https://files.pythonhosted.org/packages/86/e2/f25eaecd446af7bb132af0a1d5b135a62971a41f5366ff41d06d25e77a91/ruff-0.15.0-py3-none-manylinux_2_17_i686.manylinux2014_i686.whl", hash = "sha256:6f811f97b0f092b35320d1556f3353bf238763420ade5d9e62ebd2b73f2ff179", size = 10968415, upload-time = "2026-02-03T17:53:15.705Z" },
    { url = "https://files.pythonhosted.org/packages/e7/dc/f06a8558d06333bf79b497d29a50c3a673d9251214e0d7ec78f90b30aa79/ruff-0.15.0-py3-none-manylinux_2_17_ppc64le.manylinux2014_ppc64le.whl", hash = "sha256:761ec0a66680fab6454236635a39abaf14198818c8cdf691e036f4bc0f406b2d", size = 11809643, upload-time = "2026-02-03T17:53:23.031Z" },
    { url = "https://files.pythonhosted.org/packages/dd/45/0ece8db2c474ad7df13af3a6d50f76e22a09d078af63078f005057ca59eb/ruff-0.15.0-py3-none-manylinux_2_17_s390x.manylinux2014_s390x.whl", hash = "sha256:940f11c2604d317e797b289f4f9f3fa5555ffe4fb574b55ed006c3d9b6f0eb78", size = 11234787, upload-time = "2026-02-03T17:52:46.432Z" },
    { url = "https://files.pythonhosted.org/packages/8a/d9/0e3a81467a120fd265658d127db648e4d3acfe3e4f6f5d4ea79fac47e587/ruff-0.15.0-py3-none-manylinux_2_17_x86_64.manylinux2014_x86_64.whl", hash = "sha256:bcbca3d40558789126da91d7ef9a7c87772ee107033db7191edefa34e2c7f1b4", size = 11112797, upload-time = "2026-02-03T17:52:49.274Z" },
    { url = "https://files.pythonhosted.org/packages/b2/cb/8c0b3b0c692683f8ff31351dfb6241047fa873a4481a76df4335a8bff716/ruff-0.15.0-py3-none-manylinux_2_31_riscv64.whl", hash = "sha256:9a121a96db1d75fa3eb39c4539e607f628920dd72ff1f7c5ee4f1b768ac62d6e", size = 11033133, upload-time = "2026-02-03T17:53:33.105Z" },
    { url = "https://files.pythonhosted.org/packages/f8/5e/23b87370cf0f9081a8c89a753e69a4e8778805b8802ccfe175cc410e50b9/ruff-0.15.0-py3-none-musllinux_1_2_aarch64.whl", hash = "sha256:5298d518e493061f2eabd4abd067c7e4fb89e2f63291c94332e35631c07c3662", size = 10442646, upload-time = "2026-02-03T17:53:06.278Z" },
    { url = "https://files.pythonhosted.org/packages/e1/9a/3c94de5ce642830167e6d00b5c75aacd73e6347b4c7fc6828699b150a5ee/ruff-0.15.0-py3-none-musllinux_1_2_armv7l.whl", hash = "sha256:afb6e603d6375ff0d6b0cee563fa21ab570fd15e65c852cb24922cef25050cf1", size = 10195750, upload-time = "2026-02-03T17:53:26.084Z" },
    { url = "https://files.pythonhosted.org/packages/30/15/e396325080d600b436acc970848d69df9c13977942fb62bb8722d729bee8/ruff-0.15.0-py3-none-musllinux_1_2_i686.whl", hash = "sha256:77e515f6b15f828b94dc17d2b4ace334c9ddb7d9468c54b2f9ed2b9c1593ef16", size = 10676120, upload-time = "2026-02-03T17:53:09.363Z" },
    { url = "https://files.pythonhosted.org/packages/8d/c9/229a23d52a2983de1ad0fb0ee37d36e0257e6f28bfd6b498ee2c76361874/ruff-0.15.0-py3-none-musllinux_1_2_x86_64.whl", hash = "sha256:6f6e80850a01eb13b3e42ee0ebdf6e4497151b48c35051aab51c101266d187a3", size = 11201636, upload-time = "2026-02-03T17:52:57.281Z" },
    { url = "https://files.pythonhosted.org/packages/6f/b0/69adf22f4e24f3677208adb715c578266842e6e6a3cc77483f48dd999ede/ruff-0.15.0-py3-none-win32.whl", hash = "sha256:238a717ef803e501b6d51e0bdd0d2c6e8513fe9eec14002445134d3907cd46c3", size = 10465945, upload-time = "2026-02-03T17:53:12.591Z" },
    { url = "https://files.pythonhosted.org/packages/51/ad/f813b6e2c97e9b4598be25e94a9147b9af7e60523b0cb5d94d307c15229d/ruff-0.15.0-py3-none-win_amd64.whl", hash = "sha256:dd5e4d3301dc01de614da3cdffc33d4b1b96fb89e45721f1598e5532ccf78b18", size = 11564657, upload-time = "2026-02-03T17:52:51.893Z" },
    { url = "https://files.pythonhosted.org/packages/f6/b0/2d823f6e77ebe560f4e397d078487e8d52c1516b331e3521bc75db4272ca/ruff-0.15.0-py3-none-win_arm64.whl", hash = "sha256:c480d632cc0ca3f0727acac8b7d053542d9e114a462a145d0b00e7cd658c515a", size = 10865753, upload-time = "2026-02-03T17:53:03.014Z" },
]

[[package]]
name = "ty"
version = "0.0.14"
source = { registry = "https://pypi.org/simple" }
sdist = { url = "https://files.pythonhosted.org/packages/af/57/22c3d6bf95c2229120c49ffc2f0da8d9e8823755a1c3194da56e51f1cc31/ty-0.0.14.tar.gz", hash = "sha256:a691010565f59dd7f15cf324cdcd1d9065e010c77a04f887e1ea070ba34a7de2", size = 5036573, upload-time = "2026-01-27T00:57:31.427Z" }
wheels = [
    { url = "https://files.pythonhosted.org/packages/99/cb/cc6d1d8de59beb17a41f9a614585f884ec2d95450306c173b3b7cc090d2e/ty-0.0.14-py3-none-linux_armv6l.whl", hash = "sha256:32cf2a7596e693094621d3ae568d7ee16707dce28c34d1762947874060fdddaa", size = 10034228, upload-time = "2026-01-27T00:57:53.133Z" },
    { url = "https://files.pythonhosted.org/packages/f3/96/dd42816a2075a8f31542296ae687483a8d047f86a6538dfba573223eaf9a/ty-0.0.14-py3-none-macosx_10_12_x86_64.whl", hash = "sha256:f971bf9805f49ce8c0968ad53e29624d80b970b9eb597b7cbaba25d8a18ce9a2", size = 9939162, upload-time = "2026-01-27T00:57:43.857Z" },
    { url = "https://files.pythonhosted.org/packages/ff/b4/73c4859004e0f0a9eead9ecb67021438b2e8e5fdd8d03e7f5aca77623992/ty-0.0.14-py3-none-macosx_11_0_arm64.whl", hash = "sha256:45448b9e4806423523268bc15e9208c4f3f2ead7c344f615549d2e2354d6e924", size = 9418661, upload-time = "2026-01-27T00:58:03.411Z" },
    { url = "https://files.pythonhosted.org/packages/58/35/839c4551b94613db4afa20ee555dd4f33bfa7352d5da74c5fa416ffa0fd2/ty-0.0.14-py3-none-manylinux_2_17_aarch64.manylinux2014_aarch64.whl", hash = "sha256:ee94a9b747ff40114085206bdb3205a631ef19a4d3fb89e302a88754cbbae54c", size = 9837872, upload-time = "2026-01-27T00:57:23.718Z" },
    { url = "https://files.pythonhosted.org/packages/41/2b/bbecf7e2faa20c04bebd35fc478668953ca50ee5847ce23e08acf20ea119/ty-0.0.14-py3-none-manylinux_2_17_armv7l.manylinux2014_armv7l.whl", hash = "sha256:6756715a3c33182e9ab8ffca2bb314d3c99b9c410b171736e145773ee0ae41c3", size = 9848819, upload-time = "2026-01-27T00:57:58.501Z" },
    { url = "https://files.pythonhosted.org/packages/be/60/3c0ba0f19c0f647ad9d2b5b5ac68c0f0b4dc899001bd53b3a7537fb247a2/ty-0.0.14-py3-none-manylinux_2_17_i686.manylinux2014_i686.whl", hash = "sha256:89d0038a2f698ba8b6fec5cf216a4e44e2f95e4a5095a8c0f57fe549f87087c2", size = 10324371, upload-time = "2026-01-27T00:57:29.291Z" },
    { url = "https://files.pythonhosted.org/packages/24/32/99d0a0b37d0397b0a989ffc2682493286aa3bc252b24004a6714368c2c3d/ty-0.0.14-py3-none-manylinux_2_17_ppc64le.manylinux2014_ppc64le.whl", hash = "sha256:2c64a83a2d669b77f50a4957039ca1450626fb474619f18f6f8a3eb885bf7544", size = 10865898, upload-time = "2026-01-27T00:57:33.542Z" },
    { url = "https://files.pythonhosted.org/packages/1a/88/30b583a9e0311bb474269cfa91db53350557ebec09002bfc3fb3fc364e8c/ty-0.0.14-py3-none-manylinux_2_17_s390x.manylinux2014_s390x.whl", hash = "sha256:242488bfb547ef080199f6fd81369ab9cb638a778bb161511d091ffd49c12129", size = 10555777, upload-time = "2026-01-27T00:58:05.853Z" },
    { url = "https://files.pythonhosted.org/packages/cd/a2/cb53fb6325dcf3d40f2b1d0457a25d55bfbae633c8e337bde8ec01a190eb/ty-0.0.14-py3-none-manylinux_2_17_x86_64.manylinux2014_x86_64.whl", hash = "sha256:4790c3866f6c83a4f424fc7d09ebdb225c1f1131647ba8bdc6fcdc28f09ed0ff", size = 10412913, upload-time = "2026-01-27T00:57:38.834Z" },
    { url = "https://files.pythonhosted.org/packages/42/8f/f2f5202d725ed1e6a4e5ffaa32b190a1fe70c0b1a2503d38515da4130b4c/ty-0.0.14-py3-none-musllinux_1_2_aarch64.whl", hash = "sha256:950f320437f96d4ea9a2332bbfb5b68f1c1acd269ebfa4c09b6970cc1565bd9d", size = 9837608, upload-time = "2026-01-27T00:57:55.898Z" },
    { url = "https://files.pythonhosted.org/packages/f7/ba/59a2a0521640c489dafa2c546ae1f8465f92956fede18660653cce73b4c5/ty-0.0.14-py3-none-musllinux_1_2_armv7l.whl", hash = "sha256:4a0ec3ee70d83887f86925bbc1c56f4628bd58a0f47f6f32ddfe04e1f05466df", size = 9884324, upload-time = "2026-01-27T00:57:46.786Z" },
    { url = "https://files.pythonhosted.org/packages/03/95/8d2a49880f47b638743212f011088552ecc454dd7a665ddcbdabea25772a/ty-0.0.14-py3-none-musllinux_1_2_i686.whl", hash = "sha256:a1a4e6b6da0c58b34415955279eff754d6206b35af56a18bb70eb519d8d139ef", size = 10033537, upload-time = "2026-01-27T00:58:01.149Z" },
    { url = "https://files.pythonhosted.org/packages/e9/40/4523b36f2ce69f92ccf783855a9e0ebbbd0f0bb5cdce6211ee1737159ed3/ty-0.0.14-py3-none-musllinux_1_2_x86_64.whl", hash = "sha256:dc04384e874c5de4c5d743369c277c8aa73d1edea3c7fc646b2064b637db4db3", size = 10495910, upload-time = "2026-01-27T00:57:26.691Z" },
    { url = "https://files.pythonhosted.org/packages/08/d5/655beb51224d1bfd4f9ddc0bb209659bfe71ff141bcf05c418ab670698f0/ty-0.0.14-py3-none-win32.whl", hash = "sha256:b20e22cf54c66b3e37e87377635da412d9a552c9bf4ad9fc449fed8b2e19dad2", size = 9507626, upload-time = "2026-01-27T00:57:41.43Z" },
    { url = "https://files.pythonhosted.org/packages/b6/d9/c569c9961760e20e0a4bc008eeb1415754564304fd53997a371b7cf3f864/ty-0.0.14-py3-none-win_amd64.whl", hash = "sha256:e312ff9475522d1a33186657fe74d1ec98e4a13e016d66f5758a452c90ff6409", size = 10437980, upload-time = "2026-01-27T00:57:36.422Z" },
    { url = "https://files.pythonhosted.org/packages/ad/0c/186829654f5bfd9a028f6648e9caeb11271960a61de97484627d24443f91/ty-0.0.14-py3-none-win_arm64.whl", hash = "sha256:b6facdbe9b740cb2c15293a1d178e22ffc600653646452632541d01c36d5e378", size = 9885831, upload-time = "2026-01-27T00:57:49.747Z" },
]
